
Microsoft Visual Studio Solution File, Format Version 12.00
# Visual Studio Version 17
VisualStudioVersion = 17.5.002.0
MinimumVisualStudioVersion = 10.0.40219.1
Project("{9A19103F-16F7-4668-BE54-9A1E7A4F7556}") = "TyLeLaiSuat", "TyLeLaiSuat.csproj", "{8BDEEB39-198F-418A-A2D1-87925C4266A6}"
EndProject
Global
	GlobalSection(SolutionConfigurationPlatforms) = preSolution
		Debug|Any CPU = Debug|Any CPU
		Release|Any CPU = Release|Any CPU
	EndGlobalSection
	GlobalSection(ProjectConfigurationPlatforms) = postSolution
		{8BDEEB39-198F-418A-A2D1-87925C4266A6}.Debug|Any CPU.ActiveCfg = Debug|Any CPU
		{8BDEEB39-198F-418A-A2D1-87925C4266A6}.Debug|Any CPU.Build.0 = Debug|Any CPU
		{8BDEEB39-198F-418A-A2D1-87925C4266A6}.Release|Any CPU.ActiveCfg = Release|Any CPU
		{8BDEEB39-198F-418A-A2D1-87925C4266A6}.Release|Any CPU.Build.0 = Release|Any CPU
	EndGlobalSection
	GlobalSection(SolutionProperties) = preSolution
		HideSolutionNode = FALSE
	EndGlobalSection
	GlobalSection(ExtensibilityGlobals) = postSolution
		SolutionGuid = {3F234125-A38A-4F75-B548-A0B2DB4E8A7B}
	EndGlobalSection
EndGlobal
